// !$*UTF8*$!
{
	archiveVersion = 1;
	classes = {
	};
	objectVersion = 55;
	objects = {

/* Begin PBXBuildFile section */
		0469607628B0FB0800519110 /* ML_iOSApp.swift in Sources */ = {isa = PBXBuildFile; fileRef = 0469607528B0FB0800519110 /* ML_iOSApp.swift */; };
		0469607828B0FB0800519110 /* ContentView.swift in Sources */ = {isa = PBXBuildFile; fileRef = 0469607728B0FB0800519110 /* ContentView.swift */; };
		0469607A28B0FB0900519110 /* Assets.xcassets in Resources */ = {isa = PBXBuildFile; fileRef = 0469607928B0FB0900519110 /* Assets.xcassets */; };
		0469607D28B0FB0900519110 /* Preview Assets.xcassets in Resources */ = {isa = PBXBuildFile; fileRef = 0469607C28B0FB0900519110 /* Preview Assets.xcassets */; };
		0469608728B0FC6E00519110 /* SalaryPredictionView.swift in Sources */ = {isa = PBXBuildFile; fileRef = 0469608628B0FC6E00519110 /* SalaryPredictionView.swift */; };
		0469608928B0FFE100519110 /* SalaryPredictionViewModel.swift in Sources */ = {isa = PBXBuildFile; fileRef = 0469608828B0FFE100519110 /* SalaryPredictionViewModel.swift */; };
		0469608B28B1124500519110 /* SalaryPredictionModel.swift in Sources */ = {isa = PBXBuildFile; fileRef = 0469608A28B1124500519110 /* SalaryPredictionModel.swift */; };
		0469608D28B168A700519110 /* APIClient.swift in Sources */ = {isa = PBXBuildFile; fileRef = 0469608C28B168A700519110 /* APIClient.swift */; };
		0469608F28B168DF00519110 /* Endpoints.swift in Sources */ = {isa = PBXBuildFile; fileRef = 0469608E28B168DF00519110 /* Endpoints.swift */; };
		0469609128B168F600519110 /* EndpointConfigurator.swift in Sources */ = {isa = PBXBuildFile; fileRef = 0469609028B168F600519110 /* EndpointConfigurator.swift */; };
		0469609328B1691C00519110 /* APIModels.swift in Sources */ = {isa = PBXBuildFile; fileRef = 0469609228B1691C00519110 /* APIModels.swift */; };
		0469609628B1697C00519110 /* BaseView.swift in Sources */ = {isa = PBXBuildFile; fileRef = 0469609528B1697C00519110 /* BaseView.swift */; };
		620035BE69831C853B45109D /* Pods_ML_iOS.framework in Frameworks */ = {isa = PBXBuildFile; fileRef = CDF61FA771A430FCAE5180DA /* Pods_ML_iOS.framework */; };
/* End PBXBuildFile section */

/* Begin PBXFileReference section */
		0469607228B0FB0800519110 /* ML-iOS.app */ = {isa = PBXFileReference; explicitFileType = wrapper.application; includeInIndex = 0; path = "ML-iOS.app"; sourceTree = BUILT_PRODUCTS_DIR; };
		0469607528B0FB0800519110 /* ML_iOSApp.swift */ = {isa = PBXFileReference; lastKnownFileType = sourcecode.swift; path = ML_iOSApp.swift; sourceTree = "<group>"; };
		0469607728B0FB0800519110 /* ContentView.swift */ = {isa = PBXFileReference; lastKnownFileType = sourcecode.swift; path = ContentView.swift; sourceTree = "<group>"; };
		0469607928B0FB0900519110 /* Assets.xcassets */ = {isa = PBXFileReference; lastKnownFileType = folder.assetcatalog; path = Assets.xcassets; sourceTree = "<group>"; };
		0469607C28B0FB0900519110 /* Preview Assets.xcassets */ = {isa = PBXFileReference; lastKnownFileType = folder.assetcatalog; path = "Preview Assets.xcassets"; sourceTree = "<group>"; };
		0469608628B0FC6E00519110 /* SalaryPredictionView.swift */ = {isa = PBXFileReference; lastKnownFileType = sourcecode.swift; path = SalaryPredictionView.swift; sourceTree = "<group>"; };
		0469608828B0FFE100519110 /* SalaryPredictionViewModel.swift */ = {isa = PBXFileReference; lastKnownFileType = sourcecode.swift; path = SalaryPredictionViewModel.swift; sourceTree = "<group>"; };
		0469608A28B1124500519110 /* SalaryPredictionModel.swift */ = {isa = PBXFileReference; lastKnownFileType = sourcecode.swift; path = SalaryPredictionModel.swift; sourceTree = "<group>"; };
		0469608C28B168A700519110 /* APIClient.swift */ = {isa = PBXFileReference; lastKnownFileType = sourcecode.swift; path = APIClient.swift; sourceTree = "<group>"; };
		0469608E28B168DF00519110 /* Endpoints.swift */ = {isa = PBXFileReference; lastKnownFileType = sourcecode.swift; path = Endpoints.swift; sourceTree = "<group>"; };
		0469609028B168F600519110 /* EndpointConfigurator.swift */ = {isa = PBXFileReference; lastKnownFileType = sourcecode.swift; path = EndpointConfigurator.swift; sourceTree = "<group>"; };
		0469609228B1691C00519110 /* APIModels.swift */ = {isa = PBXFileReference; lastKnownFileType = sourcecode.swift; path = APIModels.swift; sourceTree = "<group>"; };
		0469609528B1697C00519110 /* BaseView.swift */ = {isa = PBXFileReference; lastKnownFileType = sourcecode.swift; path = BaseView.swift; sourceTree = "<group>"; };
		5CD764661538E3AF448340D5 /* Pods-ML-iOS.release.xcconfig */ = {isa = PBXFileReference; includeInIndex = 1; lastKnownFileType = text.xcconfig; name = "Pods-ML-iOS.release.xcconfig"; path = "Target Support Files/Pods-ML-iOS/Pods-ML-iOS.release.xcconfig"; sourceTree = "<group>"; };
		CDF61FA771A430FCAE5180DA /* Pods_ML_iOS.framework */ = {isa = PBXFileReference; explicitFileType = wrapper.framework; includeInIndex = 0; path = Pods_ML_iOS.framework; sourceTree = BUILT_PRODUCTS_DIR; };
		DFF83FBC6A4D8F28A5E5DDA6 /* Pods-ML-iOS.debug.xcconfig */ = {isa = PBXFileReference; includeInIndex = 1; lastKnownFileType = text.xcconfig; name = "Pods-ML-iOS.debug.xcconfig"; path = "Target Support Files/Pods-ML-iOS/Pods-ML-iOS.debug.xcconfig"; sourceTree = "<group>"; };
/* End PBXFileReference section */

/* Begin PBXFrameworksBuildPhase section */
		0469606F28B0FB0800519110 /* Frameworks */ = {
			isa = PBXFrameworksBuildPhase;
			buildActionMask = 2147483647;
			files = (
				620035BE69831C853B45109D /* Pods_ML_iOS.framework in Frameworks */,
			);
			runOnlyForDeploymentPostprocessing = 0;
		};
/* End PBXFrameworksBuildPhase section */

/* Begin PBXGroup section */
		0469606928B0FB0800519110 = {
			isa = PBXGroup;
			children = (
				0469607428B0FB0800519110 /* ML-iOS */,
				0469607328B0FB0800519110 /* Products */,
				5101925A3FC1ABC31A3E30C6 /* Pods */,
				E4B018348DBAE031063F5705 /* Frameworks */,
			);
			sourceTree = "<group>";
		};
		0469607328B0FB0800519110 /* Products */ = {
			isa = PBXGroup;
			children = (
				0469607228B0FB0800519110 /* ML-iOS.app */,
			);
			name = Products;
			sourceTree = "<group>";
		};
		0469607428B0FB0800519110 /* ML-iOS */ = {
			isa = PBXGroup;
			children = (
				0469608328B0FB1500519110 /* Modules */,
				0469609428B1693B00519110 /* BaseClasses */,
				0469608528B0FC4C00519110 /* Services */,
				0469607528B0FB0800519110 /* ML_iOSApp.swift */,
				0469607928B0FB0900519110 /* Assets.xcassets */,
				0469607B28B0FB0900519110 /* Preview Content */,
			);
			path = "ML-iOS";
			sourceTree = "<group>";
		};
		0469607B28B0FB0900519110 /* Preview Content */ = {
			isa = PBXGroup;
			children = (
				0469607C28B0FB0900519110 /* Preview Assets.xcassets */,
			);
			path = "Preview Content";
			sourceTree = "<group>";
		};
		0469608328B0FB1500519110 /* Modules */ = {
			isa = PBXGroup;
			children = (
				0469607728B0FB0800519110 /* ContentView.swift */,
				0469608428B0FB1B00519110 /* SalaryPrediction */,
			);
			path = Modules;
			sourceTree = "<group>";
		};
		0469608428B0FB1B00519110 /* SalaryPrediction */ = {
			isa = PBXGroup;
			children = (
				0469608628B0FC6E00519110 /* SalaryPredictionView.swift */,
				0469608828B0FFE100519110 /* SalaryPredictionViewModel.swift */,
				0469608A28B1124500519110 /* SalaryPredictionModel.swift */,
			);
			path = SalaryPrediction;
			sourceTree = "<group>";
		};
		0469608528B0FC4C00519110 /* Services */ = {
			isa = PBXGroup;
			children = (
				0469608C28B168A700519110 /* APIClient.swift */,
				0469608E28B168DF00519110 /* Endpoints.swift */,
				0469609028B168F600519110 /* EndpointConfigurator.swift */,
				0469609228B1691C00519110 /* APIModels.swift */,
			);
			path = Services;
			sourceTree = "<group>";
		};
		0469609428B1693B00519110 /* BaseClasses */ = {
			isa = PBXGroup;
			children = (
				0469609528B1697C00519110 /* BaseView.swift */,
			);
			path = BaseClasses;
			sourceTree = "<group>";
		};
		5101925A3FC1ABC31A3E30C6 /* Pods */ = {
			isa = PBXGroup;
			children = (
				DFF83FBC6A4D8F28A5E5DDA6 /* Pods-ML-iOS.debug.xcconfig */,
				5CD764661538E3AF448340D5 /* Pods-ML-iOS.release.xcconfig */,
			);
			path = Pods;
			sourceTree = "<group>";
		};
		E4B018348DBAE031063F5705 /* Frameworks */ = {
			isa = PBXGroup;
			children = (
				CDF61FA771A430FCAE5180DA /* Pods_ML_iOS.framework */,
			);
			name = Frameworks;
			sourceTree = "<group>";
		};
/* End PBXGroup section */

/* Begin PBXNativeTarget section */
		0469607128B0FB0800519110 /* ML-iOS */ = {
			isa = PBXNativeTarget;
			buildConfigurationList = 0469608028B0FB0900519110 /* Build configuration list for PBXNativeTarget "ML-iOS" */;
			buildPhases = (
				001E70CC9C34A25B2EFB81D1 /* [CP] Check Pods Manifest.lock */,
				0469606E28B0FB0800519110 /* Sources */,
				0469606F28B0FB0800519110 /* Frameworks */,
				0469607028B0FB0800519110 /* Resources */,
				136896EFFE4CA989FCD29547 /* [CP] Embed Pods Frameworks */,
			);
			buildRules = (
			);
			dependencies = (
			);
			name = "ML-iOS";
			productName = "ML-iOS";
			productReference = 0469607228B0FB0800519110 /* ML-iOS.app */;
			productType = "com.apple.product-type.application";
		};
/* End PBXNativeTarget section */

/* Begin PBXProject section */
		0469606A28B0FB0800519110 /* Project object */ = {
			isa = PBXProject;
			attributes = {
				BuildIndependentTargetsInParallel = 1;
				LastSwiftUpdateCheck = 1340;
				LastUpgradeCheck = 1340;
				TargetAttributes = {
					0469607128B0FB0800519110 = {
						CreatedOnToolsVersion = 13.4.1;
					};
				};
			};
			buildConfigurationList = 0469606D28B0FB0800519110 /* Build configuration list for PBXProject "ML-iOS" */;
			compatibilityVersion = "Xcode 13.0";
			developmentRegion = en;
			hasScannedForEncodings = 0;
			knownRegions = (
				en,
				Base,
			);
			mainGroup = 0469606928B0FB0800519110;
			productRefGroup = 0469607328B0FB0800519110 /* Products */;
			projectDirPath = "";
			projectRoot = "";
			targets = (
				0469607128B0FB0800519110 /* ML-iOS */,
			);
		};
/* End PBXProject section */

/* Begin PBXResourcesBuildPhase section */
		0469607028B0FB0800519110 /* Resources */ = {
			isa = PBXResourcesBuildPhase;
			buildActionMask = 2147483647;
			files = (
				0469607D28B0FB0900519110 /* Preview Assets.xcassets in Resources */,
				0469607A28B0FB0900519110 /* Assets.xcassets in Resources */,
			);
			runOnlyForDeploymentPostprocessing = 0;
		};
/* End PBXResourcesBuildPhase section */

/* Begin PBXShellScriptBuildPhase section */
		001E70CC9C34A25B2EFB81D1 /* [CP] Check Pods Manifest.lock */ = {
			isa = PBXShellScriptBuildPhase;
			buildActionMask = 2147483647;
			files = (
			);
			inputFileListPaths = (
			);
			inputPaths = (
				"${PODS_PODFILE_DIR_PATH}/Podfile.lock",
				"${PODS_ROOT}/Manifest.lock",
			);
			name = "[CP] Check Pods Manifest.lock";
			outputFileListPaths = (
			);
			outputPaths = (
				"$(DERIVED_FILE_DIR)/Pods-ML-iOS-checkManifestLockResult.txt",
			);
			runOnlyForDeploymentPostprocessing = 0;
			shellPath = /bin/sh;
			shellScript = "diff \"${PODS_PODFILE_DIR_PATH}/Podfile.lock\" \"${PODS_ROOT}/Manifest.lock\" > /dev/null\nif [ $? != 0 ] ; then\n    # print error to STDERR\n    echo \"error: The sandbox is not in sync with the Podfile.lock. Run 'pod install' or update your CocoaPods installation.\" >&2\n    exit 1\nfi\n# This output is used by Xcode 'outputs' to avoid re-running this script phase.\necho \"SUCCESS\" > \"${SCRIPT_OUTPUT_FILE_0}\"\n";
			showEnvVarsInLog = 0;
		};
		136896EFFE4CA989FCD29547 /* [CP] Embed Pods Frameworks */ = {
			isa = PBXShellScriptBuildPhase;
			buildActionMask = 2147483647;
			files = (
			);
			inputFileListPaths = (
				"${PODS_ROOT}/Target Support Files/Pods-ML-iOS/Pods-ML-iOS-frameworks-${CONFIGURATION}-input-files.xcfilelist",
			);
			name = "[CP] Embed Pods Frameworks";
			outputFileListPaths = (
				"${PODS_ROOT}/Target Support Files/Pods-ML-iOS/Pods-ML-iOS-frameworks-${CONFIGURATION}-output-files.xcfilelist",
			);
			runOnlyForDeploymentPostprocessing = 0;
			shellPath = /bin/sh;
			shellScript = "\"${PODS_ROOT}/Target Support Files/Pods-ML-iOS/Pods-ML-iOS-frameworks.sh\"\n";
			showEnvVarsInLog = 0;
		};
/* End PBXShellScriptBuildPhase section */

/* Begin PBXSourcesBuildPhase section */
		0469606E28B0FB0800519110 /* Sources */ = {
			isa = PBXSourcesBuildPhase;
			buildActionMask = 2147483647;
			files = (
				0469609328B1691C00519110 /* APIModels.swift in Sources */,
				0469608B28B1124500519110 /* SalaryPredictionModel.swift in Sources */,
				0469609128B168F600519110 /* EndpointConfigurator.swift in Sources */,
				0469608728B0FC6E00519110 /* SalaryPredictionView.swift in Sources */,
				0469607828B0FB0800519110 /* ContentView.swift in Sources */,
				0469608F28B168DF00519110 /* Endpoints.swift in Sources */,
				0469607628B0FB0800519110 /* ML_iOSApp.swift in Sources */,
				0469609628B1697C00519110 /* BaseView.swift in Sources */,
				0469608928B0FFE100519110 /* SalaryPredictionViewModel.swift in Sources */,
				0469608D28B168A700519110 /* APIClient.swift in Sources */,
			);
			runOnlyForDeploymentPostprocessing = 0;
		};
/* End PBXSourcesBuildPhase section */

/* Begin XCBuildConfiguration section */
		0469607E28B0FB0900519110 /* Debug */ = {
			isa = XCBuildConfiguration;
			buildSettings = {
				ALWAYS_SEARCH_USER_PATHS = NO;
				CLANG_ANALYZER_NONNULL = YES;
				CLANG_ANALYZER_NUMBER_OBJECT_CONVERSION = YES_AGGRESSIVE;
				CLANG_CXX_LANGUAGE_STANDARD = "gnu++17";
				CLANG_ENABLE_MODULES = YES;
				CLANG_ENABLE_OBJC_ARC = YES;
				CLANG_ENABLE_OBJC_WEAK = YES;
				CLANG_WARN_BLOCK_CAPTURE_AUTORELEASING = YES;
				CLANG_WARN_BOOL_CONVERSION = YES;
				CLANG_WARN_COMMA = YES;
				CLANG_WARN_CONSTANT_CONVERSION = YES;
				CLANG_WARN_DEPRECATED_OBJC_IMPLEMENTATIONS = YES;
				CLANG_WARN_DIRECT_OBJC_ISA_USAGE = YES_ERROR;
				CLANG_WARN_DOCUMENTATION_COMMENTS = YES;
				CLANG_WARN_EMPTY_BODY = YES;
				CLANG_WARN_ENUM_CONVERSION = YES;
				CLANG_WARN_INFINITE_RECURSION = YES;
				CLANG_WARN_INT_CONVERSION = YES;
				CLANG_WARN_NON_LITERAL_NULL_CONVERSION = YES;
				CLANG_WARN_OBJC_IMPLICIT_RETAIN_SELF = YES;
				CLANG_WARN_OBJC_LITERAL_CONVERSION = YES;
				CLANG_WARN_OBJC_ROOT_CLASS = YES_ERROR;
				CLANG_WARN_QUOTED_INCLUDE_IN_FRAMEWORK_HEADER = YES;
				CLANG_WARN_RANGE_LOOP_ANALYSIS = YES;
				CLANG_WARN_STRICT_PROTOTYPES = YES;
				CLANG_WARN_SUSPICIOUS_MOVE = YES;
				CLANG_WARN_UNGUARDED_AVAILABILITY = YES_AGGRESSIVE;
				CLANG_WARN_UNREACHABLE_CODE = YES;
				CLANG_WARN__DUPLICATE_METHOD_MATCH = YES;
				COPY_PHASE_STRIP = NO;
				DEBUG_INFORMATION_FORMAT = dwarf;
				ENABLE_STRICT_OBJC_MSGSEND = YES;
				ENABLE_TESTABILITY = YES;
				GCC_C_LANGUAGE_STANDARD = gnu11;
				GCC_DYNAMIC_NO_PIC = NO;
				GCC_NO_COMMON_BLOCKS = YES;
				GCC_OPTIMIZATION_LEVEL = 0;
				GCC_PREPROCESSOR_DEFINITIONS = (
					"DEBUG=1",
					"$(inherited)",
				);
				GCC_WARN_64_TO_32_BIT_CONVERSION = YES;
				GCC_WARN_ABOUT_RETURN_TYPE = YES_ERROR;
				GCC_WARN_UNDECLARED_SELECTOR = YES;
				GCC_WARN_UNINITIALIZED_AUTOS = YES_AGGRESSIVE;
				GCC_WARN_UNUSED_FUNCTION = YES;
				GCC_WARN_UNUSED_VARIABLE = YES;
				IPHONEOS_DEPLOYMENT_TARGET = 15.5;
				MTL_ENABLE_DEBUG_INFO = INCLUDE_SOURCE;
				MTL_FAST_MATH = YES;
				ONLY_ACTIVE_ARCH = YES;
				SDKROOT = iphoneos;
				SWIFT_ACTIVE_COMPILATION_CONDITIONS = DEBUG;
				SWIFT_OPTIMIZATION_LEVEL = "-Onone";
			};
			name = Debug;
		};
		0469607F28B0FB0900519110 /* Release */ = {
			isa = XCBuildConfiguration;
			buildSettings = {
				ALWAYS_SEARCH_USER_PATHS = NO;
				CLANG_ANALYZER_NONNULL = YES;
				CLANG_ANALYZER_NUMBER_OBJECT_CONVERSION = YES_AGGRESSIVE;
				CLANG_CXX_LANGUAGE_STANDARD = "gnu++17";
				CLANG_ENABLE_MODULES = YES;
				CLANG_ENABLE_OBJC_ARC = YES;
				CLANG_ENABLE_OBJC_WEAK = YES;
				CLANG_WARN_BLOCK_CAPTURE_AUTORELEASING = YES;
				CLANG_WARN_BOOL_CONVERSION = YES;
				CLANG_WARN_COMMA = YES;
				CLANG_WARN_CONSTANT_CONVERSION = YES;
				CLANG_WARN_DEPRECATED_OBJC_IMPLEMENTATIONS = YES;
				CLANG_WARN_DIRECT_OBJC_ISA_USAGE = YES_ERROR;
				CLANG_WARN_DOCUMENTATION_COMMENTS = YES;
				CLANG_WARN_EMPTY_BODY = YES;
				CLANG_WARN_ENUM_CONVERSION = YES;
				CLANG_WARN_INFINITE_RECURSION = YES;
				CLANG_WARN_INT_CONVERSION = YES;
				CLANG_WARN_NON_LITERAL_NULL_CONVERSION = YES;
				CLANG_WARN_OBJC_IMPLICIT_RETAIN_SELF = YES;
				CLANG_WARN_OBJC_LITERAL_CONVERSION = YES;
				CLANG_WARN_OBJC_ROOT_CLASS = YES_ERROR;
				CLANG_WARN_QUOTED_INCLUDE_IN_FRAMEWORK_HEADER = YES;
				CLANG_WARN_RANGE_LOOP_ANALYSIS = YES;
				CLANG_WARN_STRICT_PROTOTYPES = YES;
				CLANG_WARN_SUSPICIOUS_MOVE = YES;
				CLANG_WARN_UNGUARDED_AVAILABILITY = YES_AGGRESSIVE;
				CLANG_WARN_UNREACHABLE_CODE = YES;
				CLANG_WARN__DUPLICATE_METHOD_MATCH = YES;
				COPY_PHASE_STRIP = NO;
				DEBUG_INFORMATION_FORMAT = "dwarf-with-dsym";
				ENABLE_NS_ASSERTIONS = NO;
				ENABLE_STRICT_OBJC_MSGSEND = YES;
				GCC_C_LANGUAGE_STANDARD = gnu11;
				GCC_NO_COMMON_BLOCKS = YES;
				GCC_WARN_64_TO_32_BIT_CONVERSION = YES;
				GCC_WARN_ABOUT_RETURN_TYPE = YES_ERROR;
				GCC_WARN_UNDECLARED_SELECTOR = YES;
				GCC_WARN_UNINITIALIZED_AUTOS = YES_AGGRESSIVE;
				GCC_WARN_UNUSED_FUNCTION = YES;
				GCC_WARN_UNUSED_VARIABLE = YES;
				IPHONEOS_DEPLOYMENT_TARGET = 15.5;
				MTL_ENABLE_DEBUG_INFO = NO;
				MTL_FAST_MATH = YES;
				SDKROOT = iphoneos;
				SWIFT_COMPILATION_MODE = wholemodule;
				SWIFT_OPTIMIZATION_LEVEL = "-O";
				VALIDATE_PRODUCT = YES;
			};
			name = Release;
		};
		0469608128B0FB0900519110 /* Debug */ = {
			isa = XCBuildConfiguration;
			baseConfigurationReference = DFF83FBC6A4D8F28A5E5DDA6 /* Pods-ML-iOS.debug.xcconfig */;
			buildSettings = {
				ASSETCATALOG_COMPILER_APPICON_NAME = AppIcon;
				ASSETCATALOG_COMPILER_GLOBAL_ACCENT_COLOR_NAME = AccentColor;
				CODE_SIGN_STYLE = Automatic;
				CURRENT_PROJECT_VERSION = 1;
				DEVELOPMENT_ASSET_PATHS = "\"ML-iOS/Preview Content\"";
				DEVELOPMENT_TEAM = QWN6MGU8XA;
				ENABLE_PREVIEWS = YES;
				GENERATE_INFOPLIST_FILE = YES;
				INFOPLIST_KEY_UIApplicationSceneManifest_Generation = YES;
				INFOPLIST_KEY_UIApplicationSupportsIndirectInputEvents = YES;
				INFOPLIST_KEY_UILaunchScreen_Generation = YES;
				INFOPLIST_KEY_UISupportedInterfaceOrientations_iPad = "UIInterfaceOrientationPortrait UIInterfaceOrientationPortraitUpsideDown UIInterfaceOrientationLandscapeLeft UIInterfaceOrientationLandscapeRight";
				INFOPLIST_KEY_UISupportedInterfaceOrientations_iPhone = "UIInterfaceOrientationPortrait UIInterfaceOrientationLandscapeLeft UIInterfaceOrientationLandscapeRight";
				LD_RUNPATH_SEARCH_PATHS = (
					"$(inherited)",
					"@executable_path/Frameworks",
				);
				MARKETING_VERSION = 1.0;
				PRODUCT_BUNDLE_IDENTIFIER = "com.vimleshKumar.ML-iOS";
				PRODUCT_NAME = "ML-iOS";
				SWIFT_EMIT_LOC_STRINGS = YES;
				SWIFT_VERSION = 5.0;
				TARGETED_DEVICE_FAMILY = 1;
			};
			name = Debug;
		};
		0469608228B0FB0900519110 /* Release */ = {
			isa = XCBuildConfiguration;
			baseConfigurationReference = 5CD764661538E3AF448340D5 /* Pods-ML-iOS.release.xcconfig */;
			buildSettings = {
				ASSETCATALOG_COMPILER_APPICON_NAME = AppIcon;
				ASSETCATALOG_COMPILER_GLOBAL_ACCENT_COLOR_NAME = AccentColor;
				CODE_SIGN_STYLE = Automatic;
				CURRENT_PROJECT_VERSION = 1;
				DEVELOPMENT_ASSET_PATHS = "\"ML-iOS/Preview Content\"";
				DEVELOPMENT_TEAM = QWN6MGU8XA;
				ENABLE_PREVIEWS = YES;
				GENERATE_INFOPLIST_FILE = YES;
				INFOPLIST_KEY_UIApplicationSceneManifest_Generation = YES;
				INFOPLIST_KEY_UIApplicationSupportsIndirectInputEvents = YES;
				INFOPLIST_KEY_UILaunchScreen_Generation = YES;
				INFOPLIST_KEY_UISupportedInterfaceOrientations_iPad = "UIInterfaceOrientationPortrait UIInterfaceOrientationPortraitUpsideDown UIInterfaceOrientationLandscapeLeft UIInterfaceOrientationLandscapeRight";
				INFOPLIST_KEY_UISupportedInterfaceOrientations_iPhone = "UIInterfaceOrientationPortrait UIInterfaceOrientationLandscapeLeft UIInterfaceOrientationLandscapeRight";
				LD_RUNPATH_SEARCH_PATHS = (
					"$(inherited)",
					"@executable_path/Frameworks",
				);
				MARKETING_VERSION = 1.0;
				PRODUCT_BUNDLE_IDENTIFIER = "com.vimleshKumar.ML-iOS";
				PRODUCT_NAME = "ML-iOS";
				SWIFT_EMIT_LOC_STRINGS = YES;
				SWIFT_VERSION = 5.0;
				TARGETED_DEVICE_FAMILY = 1;
			};
			name = Release;
		};
/* End XCBuildConfiguration section */

/* Begin XCConfigurationList section */
		0469606D28B0FB0800519110 /* Build configuration list for PBXProject "ML-iOS" */ = {
			isa = XCConfigurationList;
			buildConfigurations = (
				0469607E28B0FB0900519110 /* Debug */,
				0469607F28B0FB0900519110 /* Release */,
			);
			defaultConfigurationIsVisible = 0;
			defaultConfigurationName = Release;
		};
		0469608028B0FB0900519110 /* Build configuration list for PBXNativeTarget "ML-iOS" */ = {
			isa = XCConfigurationList;
			buildConfigurations = (
				0469608128B0FB0900519110 /* Debug */,
				0469608228B0FB0900519110 /* Release */,
			);
			defaultConfigurationIsVisible = 0;
			defaultConfigurationName = Release;
		};
/* End XCConfigurationList section */
	};
	rootObject = 0469606A28B0FB0800519110 /* Project object */;
}
